
Microsoft Visual Studio Solution File, Format Version 12.00
# Visual Studio Version 17
VisualStudioVersion = 17.14.36203.30 d17.14
MinimumVisualStudioVersion = 10.0.40219.1
Project("{FAE04EC0-301F-11D3-BF4B-00C04F79EFBC}") = "LeetcodeExcercises", "HackerRankExcercises\LeetcodeExcercises.csproj", "{59F1A824-483D-4EB1-8131-0FE1E3067FBC}"
EndProject
Project("{FAE04EC0-301F-11D3-BF4B-00C04F79EFBC}") = "LeetcodeExcercises.Tests", "LeetcodeExcercises.Tests\LeetcodeExcercises.Tests.csproj", "{C1B7DF14-A9DC-4B4F-B725-3B6C5809E4D9}"
EndProject
Global
	GlobalSection(SolutionConfigurationPlatforms) = preSolution
		Debug|Any CPU = Debug|Any CPU
		Release|Any CPU = Release|Any CPU
	EndGlobalSection
	GlobalSection(ProjectConfigurationPlatforms) = postSolution
		{59F1A824-483D-4EB1-8131-0FE1E3067FBC}.Debug|Any CPU.ActiveCfg = Debug|Any CPU
		{59F1A824-483D-4EB1-8131-0FE1E3067FBC}.Debug|Any CPU.Build.0 = Debug|Any CPU
		{59F1A824-483D-4EB1-8131-0FE1E3067FBC}.Release|Any CPU.ActiveCfg = Release|Any CPU
		{59F1A824-483D-4EB1-8131-0FE1E3067FBC}.Release|Any CPU.Build.0 = Release|Any CPU
		{C1B7DF14-A9DC-4B4F-B725-3B6C5809E4D9}.Debug|Any CPU.ActiveCfg = Debug|Any CPU
		{C1B7DF14-A9DC-4B4F-B725-3B6C5809E4D9}.Debug|Any CPU.Build.0 = Debug|Any CPU
		{C1B7DF14-A9DC-4B4F-B725-3B6C5809E4D9}.Release|Any CPU.ActiveCfg = Release|Any CPU
		{C1B7DF14-A9DC-4B4F-B725-3B6C5809E4D9}.Release|Any CPU.Build.0 = Release|Any CPU
	EndGlobalSection
	GlobalSection(SolutionProperties) = preSolution
		HideSolutionNode = FALSE
	EndGlobalSection
	GlobalSection(ExtensibilityGlobals) = postSolution
		SolutionGuid = {64F41989-FE5C-4729-9DCB-5ABDCF4F27A2}
	EndGlobalSection
EndGlobal
